
Microsoft Visual Studio Solution File, Format Version 12.00
# Visual Studio Version 17
VisualStudioVersion = 17.0.32126.317
MinimumVisualStudioVersion = 10.0.40219.1
Project("{2150E333-8FDC-42A3-9474-1A3956D46DE8}") = "src", "src", "{24A2A7B3-24AF-424A-B91F-3C9FC466C78E}"
EndProject
Project("{2150E333-8FDC-42A3-9474-1A3956D46DE8}") = "test", "test", "{D710FDCA-49AB-4278-96B3-E052199ECFE8}"
EndProject
Project("{2150E333-8FDC-42A3-9474-1A3956D46DE8}") = "Solution Items", "Solution Items", "{411E61E6-C7F7-4241-9DEB-AB92507BC714}"
	ProjectSection(SolutionItems) = preProject
		.editorconfig = .editorconfig
		azure-pipelines.yml = azure-pipelines.yml
		README.md = README.md
	EndProjectSection
EndProject
Project("{9A19103F-16F7-4668-BE54-9A1E7A4F7556}") = "BrandUp.Core", "src\BrandUp.Core\BrandUp.Core.csproj", "{2363B54B-1F17-4DBC-9EC3-54269E5E154F}"
EndProject
Project("{9A19103F-16F7-4668-BE54-9A1E7A4F7556}") = "BrandUp.Core.Tests", "test\BrandUp.Core.Tests\BrandUp.Core.Tests.csproj", "{B2F6F94C-6496-401B-AD73-2FBDA5F557C6}"
EndProject
Global
	GlobalSection(SolutionConfigurationPlatforms) = preSolution
		Debug|Any CPU = Debug|Any CPU
		Release|Any CPU = Release|Any CPU
	EndGlobalSection
	GlobalSection(ProjectConfigurationPlatforms) = postSolution
		{2363B54B-1F17-4DBC-9EC3-54269E5E154F}.Debug|Any CPU.ActiveCfg = Debug|Any CPU
		{2363B54B-1F17-4DBC-9EC3-54269E5E154F}.Debug|Any CPU.Build.0 = Debug|Any CPU
		{2363B54B-1F17-4DBC-9EC3-54269E5E154F}.Release|Any CPU.ActiveCfg = Release|Any CPU
		{2363B54B-1F17-4DBC-9EC3-54269E5E154F}.Release|Any CPU.Build.0 = Release|Any CPU
		{B2F6F94C-6496-401B-AD73-2FBDA5F557C6}.Debug|Any CPU.ActiveCfg = Debug|Any CPU
		{B2F6F94C-6496-401B-AD73-2FBDA5F557C6}.Debug|Any CPU.Build.0 = Debug|Any CPU
		{B2F6F94C-6496-401B-AD73-2FBDA5F557C6}.Release|Any CPU.ActiveCfg = Release|Any CPU
		{B2F6F94C-6496-401B-AD73-2FBDA5F557C6}.Release|Any CPU.Build.0 = Release|Any CPU
	EndGlobalSection
	GlobalSection(SolutionProperties) = preSolution
		HideSolutionNode = FALSE
	EndGlobalSection
	GlobalSection(NestedProjects) = preSolution
		{2363B54B-1F17-4DBC-9EC3-54269E5E154F} = {24A2A7B3-24AF-424A-B91F-3C9FC466C78E}
		{B2F6F94C-6496-401B-AD73-2FBDA5F557C6} = {D710FDCA-49AB-4278-96B3-E052199ECFE8}
	EndGlobalSection
	GlobalSection(ExtensibilityGlobals) = postSolution
		SolutionGuid = {2E5DC8FE-4A72-4A41-A46C-A49E07F08FDD}
	EndGlobalSection
EndGlobal
